{
  "name": "appwrite-utils-monorepo",
  "version": "0.1.13",
  "lockfileVersion": 3,
  "requires": true,
  "packages": {
    "": {
      "name": "appwrite-utils-monorepo",
      "version": "0.1.13",
      "workspaces": [
        "packages/*"
      ]
    },
    "node_modules/@asteasolutions/zod-to-openapi": {
      "version": "7.0.0",
      "license": "MIT",
      "dependencies": {
        "openapi3-ts": "^4.1.2"
      },
      "peerDependencies": {
        "zod": "^3.20.2"
      }
    },
    "node_modules/@colors/colors": {
      "version": "1.6.0",
      "license": "MIT",
      "engines": {
        "node": ">=0.1.90"
      }
    },
    "node_modules/@dabh/diagnostics": {
      "version": "2.0.3",
      "license": "MIT",
      "dependencies": {
        "colorspace": "1.1.x",
        "enabled": "2.0.x",
        "kuler": "^2.0.0"
      }
    },
    "node_modules/@esbuild/darwin-x64": {
      "version": "0.20.2",
      "cpu": [
        "x64"
      ],
      "license": "MIT",
      "optional": true,
      "os": [
        "darwin"
      ],
      "engines": {
        "node": ">=12"
      }
    },
    "node_modules/@fastify/busboy": {
      "version": "2.1.1",
      "license": "MIT",
      "engines": {
        "node": ">=14"
      }
    },
    "node_modules/@inquirer/figures": {
      "version": "1.0.1",
      "license": "MIT",
      "engines": {
        "node": ">=18"
      }
    },
    "node_modules/@ljharb/through": {
      "version": "2.3.13",
      "license": "MIT",
      "dependencies": {
        "call-bind": "^1.0.7"
      },
      "engines": {
        "node": ">= 0.4"
      }
    },
    "node_modules/@types/bun": {
      "version": "1.1.1",
      "resolved": "https://registry.npmjs.org/@types/bun/-/bun-1.1.1.tgz",
      "integrity": "sha512-lUe9rLMhgDCViciZtgDj5CMl2u7uTq/IP149kSZH/Si6FWkCioximABFf+baRQgbm8QlH4bzT0qJRteQFNqeGA==",
      "dev": true,
      "dependencies": {
        "bun-types": "1.1.6"
      }
    },
    "node_modules/@types/inquirer": {
      "version": "9.0.7",
      "license": "MIT",
      "dependencies": {
        "@types/through": "*",
        "rxjs": "^7.2.0"
      }
    },
    "node_modules/@types/js-yaml": {
      "version": "4.0.9",
      "dev": true,
      "license": "MIT"
    },
    "node_modules/@types/lodash": {
      "version": "4.17.1",
      "dev": true,
      "license": "MIT"
    },
    "node_modules/@types/luxon": {
      "version": "3.4.2",
      "license": "MIT"
    },
    "node_modules/@types/node": {
      "version": "20.11.30",
      "license": "MIT",
      "dependencies": {
        "undici-types": "~5.26.4"
      }
    },
    "node_modules/@types/through": {
      "version": "0.0.33",
      "license": "MIT",
      "dependencies": {
        "@types/node": "*"
      }
    },
    "node_modules/@types/triple-beam": {
      "version": "1.3.5",
      "license": "MIT"
    },
    "node_modules/@types/ws": {
      "version": "8.5.10",
      "dev": true,
      "license": "MIT",
      "dependencies": {
        "@types/node": "*"
      }
    },
    "node_modules/ansi-escapes": {
      "version": "4.3.2",
      "license": "MIT",
      "dependencies": {
        "type-fest": "^0.21.3"
      },
      "engines": {
        "node": ">=8"
      },
      "funding": {
        "url": "https://github.com/sponsors/sindresorhus"
      }
    },
    "node_modules/ansi-regex": {
      "version": "5.0.1",
      "license": "MIT",
      "engines": {
        "node": ">=8"
      }
    },
    "node_modules/ansi-styles": {
      "version": "4.3.0",
      "license": "MIT",
      "dependencies": {
        "color-convert": "^2.0.1"
      },
      "engines": {
        "node": ">=8"
      },
      "funding": {
        "url": "https://github.com/chalk/ansi-styles?sponsor=1"
      }
    },
    "node_modules/appwrite": {
      "version": "14.0.1",
      "license": "BSD-3-Clause",
      "dependencies": {
        "cross-fetch": "3.1.5",
        "isomorphic-form-data": "2.0.0"
      }
    },
    "node_modules/appwrite-utils": {
      "resolved": "packages/appwrite-utils",
      "link": true
    },
    "node_modules/appwrite-utils-cli": {
      "resolved": "packages/appwrite-utils-cli",
      "link": true
    },
    "node_modules/argparse": {
      "version": "2.0.1",
      "license": "Python-2.0"
    },
    "node_modules/async": {
      "version": "3.2.5",
      "license": "MIT"
    },
    "node_modules/asynckit": {
      "version": "0.4.0",
      "license": "MIT"
    },
    "node_modules/base64-js": {
      "version": "1.5.1",
      "funding": [
        {
          "type": "github",
          "url": "https://github.com/sponsors/feross"
        },
        {
          "type": "patreon",
          "url": "https://www.patreon.com/feross"
        },
        {
          "type": "consulting",
          "url": "https://feross.org/support"
        }
      ],
      "license": "MIT"
    },
    "node_modules/bl": {
      "version": "4.1.0",
      "license": "MIT",
      "dependencies": {
        "buffer": "^5.5.0",
        "inherits": "^2.0.4",
        "readable-stream": "^3.4.0"
      }
    },
    "node_modules/buffer": {
      "version": "5.7.1",
      "funding": [
        {
          "type": "github",
          "url": "https://github.com/sponsors/feross"
        },
        {
          "type": "patreon",
          "url": "https://www.patreon.com/feross"
        },
        {
          "type": "consulting",
          "url": "https://feross.org/support"
        }
      ],
      "license": "MIT",
      "dependencies": {
        "base64-js": "^1.3.1",
        "ieee754": "^1.1.13"
      }
    },
    "node_modules/bun-types": {
      "version": "1.1.6",
      "dev": true,
      "license": "MIT",
      "dependencies": {
        "@types/node": "~20.11.3",
        "@types/ws": "~8.5.10"
      }
    },
    "node_modules/call-bind": {
      "version": "1.0.7",
      "license": "MIT",
      "dependencies": {
        "es-define-property": "^1.0.0",
        "es-errors": "^1.3.0",
        "function-bind": "^1.1.2",
        "get-intrinsic": "^1.2.4",
        "set-function-length": "^1.2.1"
      },
      "engines": {
        "node": ">= 0.4"
      },
      "funding": {
        "url": "https://github.com/sponsors/ljharb"
      }
    },
    "node_modules/chalk": {
      "version": "5.3.0",
      "license": "MIT",
      "engines": {
        "node": "^12.17.0 || ^14.13 || >=16.0.0"
      },
      "funding": {
        "url": "https://github.com/chalk/chalk?sponsor=1"
      }
    },
    "node_modules/chardet": {
      "version": "0.7.0",
      "license": "MIT"
    },
    "node_modules/cli-cursor": {
      "version": "3.1.0",
      "license": "MIT",
      "dependencies": {
        "restore-cursor": "^3.1.0"
      },
      "engines": {
        "node": ">=8"
      }
    },
    "node_modules/cli-spinners": {
      "version": "2.9.2",
      "license": "MIT",
      "engines": {
        "node": ">=6"
      },
      "funding": {
        "url": "https://github.com/sponsors/sindresorhus"
      }
    },
    "node_modules/cli-width": {
      "version": "4.1.0",
      "license": "ISC",
      "engines": {
        "node": ">= 12"
      }
    },
    "node_modules/clone": {
      "version": "1.0.4",
      "license": "MIT",
      "engines": {
        "node": ">=0.8"
      }
    },
    "node_modules/color": {
      "version": "3.2.1",
      "license": "MIT",
      "dependencies": {
        "color-convert": "^1.9.3",
        "color-string": "^1.6.0"
      }
    },
    "node_modules/color-convert": {
      "version": "2.0.1",
      "license": "MIT",
      "dependencies": {
        "color-name": "~1.1.4"
      },
      "engines": {
        "node": ">=7.0.0"
      }
    },
    "node_modules/color-name": {
      "version": "1.1.4",
      "license": "MIT"
    },
    "node_modules/color-string": {
      "version": "1.9.1",
      "license": "MIT",
      "dependencies": {
        "color-name": "^1.0.0",
        "simple-swizzle": "^0.2.2"
      }
    },
    "node_modules/color-string/node_modules/color-name": {
      "version": "1.1.3",
      "license": "MIT"
    },
    "node_modules/color/node_modules/color-convert": {
      "version": "1.9.3",
      "license": "MIT",
      "dependencies": {
        "color-name": "1.1.3"
      }
    },
    "node_modules/color/node_modules/color-convert/node_modules/color-name": {
      "version": "1.1.3",
      "license": "MIT"
    },
    "node_modules/colorspace": {
      "version": "1.1.4",
      "license": "MIT",
      "dependencies": {
        "color": "^3.1.3",
        "text-hex": "1.0.x"
      }
    },
    "node_modules/combined-stream": {
      "version": "1.0.8",
      "license": "MIT",
      "dependencies": {
        "delayed-stream": "~1.0.0"
      },
      "engines": {
        "node": ">= 0.8"
      }
    },
    "node_modules/commander": {
      "version": "12.0.0",
      "license": "MIT",
      "engines": {
        "node": ">=18"
      }
    },
    "node_modules/cross-fetch": {
      "version": "3.1.5",
      "license": "MIT",
      "dependencies": {
        "node-fetch": "2.6.7"
      }
    },
    "node_modules/defaults": {
      "version": "1.0.4",
      "license": "MIT",
      "dependencies": {
        "clone": "^1.0.2"
      },
      "funding": {
        "url": "https://github.com/sponsors/sindresorhus"
      }
    },
    "node_modules/define-data-property": {
      "version": "1.1.4",
      "license": "MIT",
      "dependencies": {
        "es-define-property": "^1.0.0",
        "es-errors": "^1.3.0",
        "gopd": "^1.0.1"
      },
      "engines": {
        "node": ">= 0.4"
      },
      "funding": {
        "url": "https://github.com/sponsors/ljharb"
      }
    },
    "node_modules/delayed-stream": {
      "version": "1.0.0",
      "license": "MIT",
      "engines": {
        "node": ">=0.4.0"
      }
    },
    "node_modules/emoji-regex": {
      "version": "8.0.0",
      "license": "MIT"
    },
    "node_modules/enabled": {
      "version": "2.0.0",
      "license": "MIT"
    },
    "node_modules/es-define-property": {
      "version": "1.0.0",
      "license": "MIT",
      "dependencies": {
        "get-intrinsic": "^1.2.4"
      },
      "engines": {
        "node": ">= 0.4"
      }
    },
    "node_modules/es-errors": {
      "version": "1.3.0",
      "license": "MIT",
      "engines": {
        "node": ">= 0.4"
      }
    },
    "node_modules/esbuild": {
      "version": "0.20.2",
      "hasInstallScript": true,
      "license": "MIT",
      "bin": {
        "esbuild": "bin/esbuild"
      },
      "engines": {
        "node": ">=12"
      },
      "optionalDependencies": {
        "@esbuild/aix-ppc64": "0.20.2",
        "@esbuild/android-arm": "0.20.2",
        "@esbuild/android-arm64": "0.20.2",
        "@esbuild/android-x64": "0.20.2",
        "@esbuild/darwin-arm64": "0.20.2",
        "@esbuild/darwin-x64": "0.20.2",
        "@esbuild/freebsd-arm64": "0.20.2",
        "@esbuild/freebsd-x64": "0.20.2",
        "@esbuild/linux-arm": "0.20.2",
        "@esbuild/linux-arm64": "0.20.2",
        "@esbuild/linux-ia32": "0.20.2",
        "@esbuild/linux-loong64": "0.20.2",
        "@esbuild/linux-mips64el": "0.20.2",
        "@esbuild/linux-ppc64": "0.20.2",
        "@esbuild/linux-riscv64": "0.20.2",
        "@esbuild/linux-s390x": "0.20.2",
        "@esbuild/linux-x64": "0.20.2",
        "@esbuild/netbsd-x64": "0.20.2",
        "@esbuild/openbsd-x64": "0.20.2",
        "@esbuild/sunos-x64": "0.20.2",
        "@esbuild/win32-arm64": "0.20.2",
        "@esbuild/win32-ia32": "0.20.2",
        "@esbuild/win32-x64": "0.20.2"
      }
    },
    "node_modules/external-editor": {
      "version": "3.1.0",
      "license": "MIT",
      "dependencies": {
        "chardet": "^0.7.0",
        "iconv-lite": "^0.4.24",
        "tmp": "^0.0.33"
      },
      "engines": {
        "node": ">=4"
      }
    },
    "node_modules/fecha": {
      "version": "4.2.3",
      "license": "MIT"
    },
    "node_modules/fn.name": {
      "version": "1.1.0",
      "license": "MIT"
    },
    "node_modules/form-data": {
      "version": "2.5.1",
      "license": "MIT",
      "dependencies": {
        "asynckit": "^0.4.0",
        "combined-stream": "^1.0.6",
        "mime-types": "^2.1.12"
      },
      "engines": {
        "node": ">= 0.12"
      }
    },
    "node_modules/fsevents": {
      "version": "2.3.3",
      "license": "MIT",
      "optional": true,
      "os": [
        "darwin"
      ],
      "engines": {
        "node": "^8.16.0 || ^10.6.0 || >=11.0.0"
      }
    },
    "node_modules/function-bind": {
      "version": "1.1.2",
      "license": "MIT",
      "funding": {
        "url": "https://github.com/sponsors/ljharb"
      }
    },
    "node_modules/get-intrinsic": {
      "version": "1.2.4",
      "license": "MIT",
      "dependencies": {
        "es-errors": "^1.3.0",
        "function-bind": "^1.1.2",
        "has-proto": "^1.0.1",
        "has-symbols": "^1.0.3",
        "hasown": "^2.0.0"
      },
      "engines": {
        "node": ">= 0.4"
      },
      "funding": {
        "url": "https://github.com/sponsors/ljharb"
      }
    },
    "node_modules/get-tsconfig": {
      "version": "4.7.5",
      "license": "MIT",
      "dependencies": {
        "resolve-pkg-maps": "^1.0.0"
      },
      "funding": {
        "url": "https://github.com/privatenumber/get-tsconfig?sponsor=1"
      }
    },
    "node_modules/gopd": {
      "version": "1.0.1",
      "license": "MIT",
      "dependencies": {
        "get-intrinsic": "^1.1.3"
      },
      "funding": {
        "url": "https://github.com/sponsors/ljharb"
      }
    },
    "node_modules/has-flag": {
      "version": "4.0.0",
      "license": "MIT",
      "engines": {
        "node": ">=8"
      }
    },
    "node_modules/has-property-descriptors": {
      "version": "1.0.2",
      "license": "MIT",
      "dependencies": {
        "es-define-property": "^1.0.0"
      },
      "funding": {
        "url": "https://github.com/sponsors/ljharb"
      }
    },
    "node_modules/has-proto": {
      "version": "1.0.3",
      "license": "MIT",
      "engines": {
        "node": ">= 0.4"
      },
      "funding": {
        "url": "https://github.com/sponsors/ljharb"
      }
    },
    "node_modules/has-symbols": {
      "version": "1.0.3",
      "license": "MIT",
      "engines": {
        "node": ">= 0.4"
      },
      "funding": {
        "url": "https://github.com/sponsors/ljharb"
      }
    },
    "node_modules/hasown": {
      "version": "2.0.2",
      "license": "MIT",
      "dependencies": {
        "function-bind": "^1.1.2"
      },
      "engines": {
        "node": ">= 0.4"
      }
    },
    "node_modules/iconv-lite": {
      "version": "0.4.24",
      "license": "MIT",
      "dependencies": {
        "safer-buffer": ">= 2.1.2 < 3"
      },
      "engines": {
        "node": ">=0.10.0"
      }
    },
    "node_modules/ieee754": {
      "version": "1.2.1",
      "funding": [
        {
          "type": "github",
          "url": "https://github.com/sponsors/feross"
        },
        {
          "type": "patreon",
          "url": "https://www.patreon.com/feross"
        },
        {
          "type": "consulting",
          "url": "https://feross.org/support"
        }
      ],
      "license": "BSD-3-Clause"
    },
    "node_modules/inherits": {
      "version": "2.0.4",
      "license": "ISC"
    },
    "node_modules/inquirer": {
      "version": "9.2.20",
      "license": "MIT",
      "dependencies": {
        "@inquirer/figures": "^1.0.1",
        "@ljharb/through": "^2.3.13",
        "ansi-escapes": "^4.3.2",
        "chalk": "^5.3.0",
        "cli-cursor": "^3.1.0",
        "cli-width": "^4.1.0",
        "external-editor": "^3.1.0",
        "lodash": "^4.17.21",
        "mute-stream": "1.0.0",
        "ora": "^5.4.1",
        "run-async": "^3.0.0",
        "rxjs": "^7.8.1",
        "string-width": "^4.2.3",
        "strip-ansi": "^6.0.1",
        "wrap-ansi": "^6.2.0"
      },
      "engines": {
        "node": ">=18"
      }
    },
    "node_modules/is-arrayish": {
      "version": "0.3.2",
      "license": "MIT"
    },
    "node_modules/is-fullwidth-code-point": {
      "version": "3.0.0",
      "license": "MIT",
      "engines": {
        "node": ">=8"
      }
    },
    "node_modules/is-interactive": {
      "version": "1.0.0",
      "license": "MIT",
      "engines": {
        "node": ">=8"
      }
    },
    "node_modules/is-stream": {
      "version": "2.0.1",
      "license": "MIT",
      "engines": {
        "node": ">=8"
      },
      "funding": {
        "url": "https://github.com/sponsors/sindresorhus"
      }
    },
    "node_modules/is-unicode-supported": {
      "version": "0.1.0",
      "license": "MIT",
      "engines": {
        "node": ">=10"
      },
      "funding": {
        "url": "https://github.com/sponsors/sindresorhus"
      }
    },
    "node_modules/isomorphic-form-data": {
      "version": "2.0.0",
      "license": "MIT",
      "dependencies": {
        "form-data": "^2.3.2"
      }
    },
    "node_modules/js-yaml": {
      "version": "4.1.0",
      "license": "MIT",
      "dependencies": {
        "argparse": "^2.0.1"
      },
      "bin": {
        "js-yaml": "bin/js-yaml.js"
      }
    },
    "node_modules/kuler": {
      "version": "2.0.0",
      "license": "MIT"
    },
    "node_modules/lodash": {
      "version": "4.17.21",
      "license": "MIT"
    },
    "node_modules/log-symbols": {
      "version": "4.1.0",
      "license": "MIT",
      "dependencies": {
        "chalk": "^4.1.0",
        "is-unicode-supported": "^0.1.0"
      },
      "engines": {
        "node": ">=10"
      },
      "funding": {
        "url": "https://github.com/sponsors/sindresorhus"
      }
    },
    "node_modules/log-symbols/node_modules/chalk": {
      "version": "4.1.2",
      "license": "MIT",
      "dependencies": {
        "ansi-styles": "^4.1.0",
        "supports-color": "^7.1.0"
      },
      "engines": {
        "node": ">=10"
      },
      "funding": {
        "url": "https://github.com/chalk/chalk?sponsor=1"
      }
    },
    "node_modules/logform": {
      "version": "2.6.0",
      "license": "MIT",
      "dependencies": {
        "@colors/colors": "1.6.0",
        "@types/triple-beam": "^1.3.2",
        "fecha": "^4.2.0",
        "ms": "^2.1.1",
        "safe-stable-stringify": "^2.3.1",
        "triple-beam": "^1.3.0"
      },
      "engines": {
        "node": ">= 12.0.0"
      }
    },
    "node_modules/luxon": {
      "version": "3.4.4",
      "license": "MIT",
      "engines": {
        "node": ">=12"
      }
    },
    "node_modules/mime-db": {
      "version": "1.52.0",
      "license": "MIT",
      "engines": {
        "node": ">= 0.6"
      }
    },
    "node_modules/mime-types": {
      "version": "2.1.35",
      "license": "MIT",
      "dependencies": {
        "mime-db": "1.52.0"
      },
      "engines": {
        "node": ">= 0.6"
      }
    },
    "node_modules/mimic-fn": {
      "version": "2.1.0",
      "license": "MIT",
      "engines": {
        "node": ">=6"
      }
    },
    "node_modules/ms": {
      "version": "2.1.3",
      "license": "MIT"
    },
    "node_modules/mute-stream": {
      "version": "1.0.0",
      "license": "ISC",
      "engines": {
        "node": "^14.17.0 || ^16.13.0 || >=18.0.0"
      }
    },
    "node_modules/nanostores": {
      "version": "0.10.3",
      "funding": [
        {
          "type": "github",
          "url": "https://github.com/sponsors/ai"
        }
      ],
      "license": "MIT",
      "engines": {
        "node": "^18.0.0 || >=20.0.0"
      }
    },
    "node_modules/node-appwrite": {
      "version": "12.0.1",
      "license": "BSD-3-Clause",
      "dependencies": {
        "undici": "^5.28.2"
      }
    },
    "node_modules/node-fetch": {
      "version": "2.6.7",
      "license": "MIT",
      "dependencies": {
        "whatwg-url": "^5.0.0"
      },
      "engines": {
        "node": "4.x || >=6.0.0"
      },
      "peerDependencies": {
        "encoding": "^0.1.0"
      },
      "peerDependenciesMeta": {
        "encoding": {
          "optional": true
        }
      }
    },
    "node_modules/one-time": {
      "version": "1.0.0",
      "license": "MIT",
      "dependencies": {
        "fn.name": "1.x.x"
      }
    },
    "node_modules/onetime": {
      "version": "5.1.2",
      "license": "MIT",
      "dependencies": {
        "mimic-fn": "^2.1.0"
      },
      "engines": {
        "node": ">=6"
      },
      "funding": {
        "url": "https://github.com/sponsors/sindresorhus"
      }
    },
    "node_modules/openapi3-ts": {
      "version": "4.3.1",
      "license": "MIT",
      "dependencies": {
        "yaml": "^2.4.1"
      }
    },
    "node_modules/ora": {
      "version": "5.4.1",
      "license": "MIT",
      "dependencies": {
        "bl": "^4.1.0",
        "chalk": "^4.1.0",
        "cli-cursor": "^3.1.0",
        "cli-spinners": "^2.5.0",
        "is-interactive": "^1.0.0",
        "is-unicode-supported": "^0.1.0",
        "log-symbols": "^4.1.0",
        "strip-ansi": "^6.0.0",
        "wcwidth": "^1.0.1"
      },
      "engines": {
        "node": ">=10"
      },
      "funding": {
        "url": "https://github.com/sponsors/sindresorhus"
      }
    },
    "node_modules/ora/node_modules/chalk": {
      "version": "4.1.2",
      "license": "MIT",
      "dependencies": {
        "ansi-styles": "^4.1.0",
        "supports-color": "^7.1.0"
      },
      "engines": {
        "node": ">=10"
      },
      "funding": {
        "url": "https://github.com/chalk/chalk?sponsor=1"
      }
    },
    "node_modules/os-tmpdir": {
      "version": "1.0.2",
      "license": "MIT",
      "engines": {
        "node": ">=0.10.0"
      }
    },
    "node_modules/readable-stream": {
      "version": "3.6.2",
      "license": "MIT",
      "dependencies": {
        "inherits": "^2.0.3",
        "string_decoder": "^1.1.1",
        "util-deprecate": "^1.0.1"
      },
      "engines": {
        "node": ">= 6"
      }
    },
    "node_modules/resolve-pkg-maps": {
      "version": "1.0.0",
      "license": "MIT",
      "funding": {
        "url": "https://github.com/privatenumber/resolve-pkg-maps?sponsor=1"
      }
    },
    "node_modules/restore-cursor": {
      "version": "3.1.0",
      "license": "MIT",
      "dependencies": {
        "onetime": "^5.1.0",
        "signal-exit": "^3.0.2"
      },
      "engines": {
        "node": ">=8"
      }
    },
    "node_modules/run-async": {
      "version": "3.0.0",
      "license": "MIT",
      "engines": {
        "node": ">=0.12.0"
      }
    },
    "node_modules/rxjs": {
      "version": "7.8.1",
      "license": "Apache-2.0",
      "dependencies": {
        "tslib": "^2.1.0"
      }
    },
    "node_modules/safe-buffer": {
      "version": "5.2.1",
      "funding": [
        {
          "type": "github",
          "url": "https://github.com/sponsors/feross"
        },
        {
          "type": "patreon",
          "url": "https://www.patreon.com/feross"
        },
        {
          "type": "consulting",
          "url": "https://feross.org/support"
        }
      ],
      "license": "MIT"
    },
    "node_modules/safe-stable-stringify": {
      "version": "2.4.3",
      "license": "MIT",
      "engines": {
        "node": ">=10"
      }
    },
    "node_modules/safer-buffer": {
      "version": "2.1.2",
      "license": "MIT"
    },
    "node_modules/set-function-length": {
      "version": "1.2.2",
      "license": "MIT",
      "dependencies": {
        "define-data-property": "^1.1.4",
        "es-errors": "^1.3.0",
        "function-bind": "^1.1.2",
        "get-intrinsic": "^1.2.4",
        "gopd": "^1.0.1",
        "has-property-descriptors": "^1.0.2"
      },
      "engines": {
        "node": ">= 0.4"
      }
    },
    "node_modules/signal-exit": {
      "version": "3.0.7",
      "license": "ISC"
    },
    "node_modules/simple-swizzle": {
      "version": "0.2.2",
      "license": "MIT",
      "dependencies": {
        "is-arrayish": "^0.3.1"
      }
    },
    "node_modules/stack-trace": {
      "version": "0.0.10",
      "license": "MIT",
      "engines": {
        "node": "*"
      }
    },
    "node_modules/string_decoder": {
      "version": "1.3.0",
      "license": "MIT",
      "dependencies": {
        "safe-buffer": "~5.2.0"
      }
    },
    "node_modules/string-width": {
      "version": "4.2.3",
      "license": "MIT",
      "dependencies": {
        "emoji-regex": "^8.0.0",
        "is-fullwidth-code-point": "^3.0.0",
        "strip-ansi": "^6.0.1"
      },
      "engines": {
        "node": ">=8"
      }
    },
    "node_modules/strip-ansi": {
      "version": "6.0.1",
      "license": "MIT",
      "dependencies": {
        "ansi-regex": "^5.0.1"
      },
      "engines": {
        "node": ">=8"
      }
    },
    "node_modules/supports-color": {
      "version": "7.2.0",
      "license": "MIT",
      "dependencies": {
        "has-flag": "^4.0.0"
      },
      "engines": {
        "node": ">=8"
      }
    },
    "node_modules/text-hex": {
      "version": "1.0.0",
      "license": "MIT"
    },
    "node_modules/tmp": {
      "version": "0.0.33",
      "license": "MIT",
      "dependencies": {
        "os-tmpdir": "~1.0.2"
      },
      "engines": {
        "node": ">=0.6.0"
      }
    },
    "node_modules/tr46": {
      "version": "0.0.3",
      "license": "MIT"
    },
    "node_modules/triple-beam": {
      "version": "1.4.1",
      "license": "MIT",
      "engines": {
        "node": ">= 14.0.0"
      }
    },
    "node_modules/tslib": {
      "version": "2.6.2",
      "license": "0BSD"
    },
    "node_modules/tsx": {
      "version": "4.9.3",
      "license": "MIT",
      "dependencies": {
        "esbuild": "~0.20.2",
        "get-tsconfig": "^4.7.3"
      },
      "bin": {
        "tsx": "dist/cli.mjs"
      },
      "engines": {
        "node": ">=18.0.0"
      },
      "optionalDependencies": {
        "fsevents": "~2.3.3"
      }
    },
    "node_modules/type-fest": {
      "version": "0.21.3",
      "license": "(MIT OR CC0-1.0)",
      "engines": {
        "node": ">=10"
      },
      "funding": {
        "url": "https://github.com/sponsors/sindresorhus"
      }
    },
    "node_modules/typescript": {
      "version": "5.4.5",
      "license": "Apache-2.0",
      "bin": {
        "tsc": "bin/tsc",
        "tsserver": "bin/tsserver"
      },
      "engines": {
        "node": ">=14.17"
      }
    },
    "node_modules/ulid": {
      "version": "2.3.0",
      "license": "MIT",
      "bin": {
        "ulid": "bin/cli.js"
      }
    },
    "node_modules/undici": {
      "version": "5.28.4",
      "license": "MIT",
      "dependencies": {
        "@fastify/busboy": "^2.0.0"
      },
      "engines": {
        "node": ">=14.0"
      }
    },
    "node_modules/undici-types": {
      "version": "5.26.5",
      "license": "MIT"
    },
    "node_modules/util-deprecate": {
      "version": "1.0.2",
      "license": "MIT"
    },
    "node_modules/wcwidth": {
      "version": "1.0.1",
      "license": "MIT",
      "dependencies": {
        "defaults": "^1.0.3"
      }
    },
    "node_modules/webidl-conversions": {
      "version": "3.0.1",
      "license": "BSD-2-Clause"
    },
    "node_modules/whatwg-url": {
      "version": "5.0.0",
      "license": "MIT",
      "dependencies": {
        "tr46": "~0.0.3",
        "webidl-conversions": "^3.0.0"
      }
    },
    "node_modules/winston": {
      "version": "3.13.0",
      "license": "MIT",
      "dependencies": {
        "@colors/colors": "^1.6.0",
        "@dabh/diagnostics": "^2.0.2",
        "async": "^3.2.3",
        "is-stream": "^2.0.0",
        "logform": "^2.4.0",
        "one-time": "^1.0.0",
        "readable-stream": "^3.4.0",
        "safe-stable-stringify": "^2.3.1",
        "stack-trace": "0.0.x",
        "triple-beam": "^1.3.0",
        "winston-transport": "^4.7.0"
      },
      "engines": {
        "node": ">= 12.0.0"
      }
    },
    "node_modules/winston-transport": {
      "version": "4.7.0",
      "license": "MIT",
      "dependencies": {
        "logform": "^2.3.2",
        "readable-stream": "^3.6.0",
        "triple-beam": "^1.3.0"
      },
      "engines": {
        "node": ">= 12.0.0"
      }
    },
    "node_modules/wrap-ansi": {
      "version": "6.2.0",
      "license": "MIT",
      "dependencies": {
        "ansi-styles": "^4.0.0",
        "string-width": "^4.1.0",
        "strip-ansi": "^6.0.0"
      },
      "engines": {
        "node": ">=8"
      }
    },
    "node_modules/yaml": {
      "version": "2.4.2",
      "license": "ISC",
      "bin": {
        "yaml": "bin.mjs"
      },
      "engines": {
        "node": ">= 14"
      }
    },
    "node_modules/zod": {
      "version": "3.23.8",
      "license": "MIT",
      "funding": {
        "url": "https://github.com/sponsors/colinhacks"
      }
    },
    "packages/appwrite-utils": {
      "version": "0.1.223",
      "dependencies": {
        "@types/luxon": "^3.4.2",
        "appwrite": "^14.0.1",
        "appwrite-utils": "^0.1.223",
        "luxon": "^3.4.4",
        "ulid": "^2.3.0",
        "zod": "^3.23.8"
      },
      "devDependencies": {
        "@types/bun": "latest"
      },
      "peerDependencies": {
        "typescript": "^5.0.0"
      }
    },
    "packages/appwrite-utils-cli": {
      "version": "0.0.280",
      "hasInstallScript": true,
      "dependencies": {
        "@asteasolutions/zod-to-openapi": "^7.0.0",
        "@types/inquirer": "^9.0.7",
        "commander": "^12.0.0",
        "inquirer": "^9.2.20",
        "js-yaml": "^4.1.0",
        "lodash": "^4.17.21",
        "luxon": "^3.4.4",
        "nanostores": "^0.10.3",
        "node-appwrite": "^12.0.1",
        "tsx": "^4.9.3",
        "winston": "^3.13.0",
        "zod": "^3.22.4"
      },
      "bin": {
        "appwrite-init": "dist/init.js",
        "appwrite-migrate": "dist/main.js"
      },
      "devDependencies": {
        "@types/js-yaml": "^4.0.9",
        "@types/lodash": "^4.17.0",
        "@types/luxon": "^3.4.2",
        "typescript": "^5.0.0"
      }
    }
  }
}
